
Microsoft Visual Studio Solution File, Format Version 12.00
# Visual Studio Version 16
VisualStudioVersion = 16.0.29215.179
MinimumVisualStudioVersion = 10.0.40219.1
Project("{9A19103F-16F7-4668-BE54-9A1E7A4F7556}") = "Alsa", "Alsa\Alsa.csproj", "{8E1A4040-0E94-428A-9530-56E44E8C2EB2}"
EndProject
Project("{FAE04EC0-301F-11D3-BF4B-00C04F79EFBC}") = "Alsa.Samples", "Alsa.Samples\Alsa.Samples.csproj", "{6CDBD01C-6EAD-47EB-A42D-382FF4B80872}"
EndProject
Global
	GlobalSection(SolutionConfigurationPlatforms) = preSolution
		Debug|Any CPU = Debug|Any CPU
		Release|Any CPU = Release|Any CPU
	EndGlobalSection
	GlobalSection(ProjectConfigurationPlatforms) = postSolution
		{8E1A4040-0E94-428A-9530-56E44E8C2EB2}.Debug|Any CPU.ActiveCfg = Debug|Any CPU
		{8E1A4040-0E94-428A-9530-56E44E8C2EB2}.Debug|Any CPU.Build.0 = Debug|Any CPU
		{8E1A4040-0E94-428A-9530-56E44E8C2EB2}.Release|Any CPU.ActiveCfg = Release|Any CPU
		{8E1A4040-0E94-428A-9530-56E44E8C2EB2}.Release|Any CPU.Build.0 = Release|Any CPU
		{6CDBD01C-6EAD-47EB-A42D-382FF4B80872}.Debug|Any CPU.ActiveCfg = Debug|Any CPU
		{6CDBD01C-6EAD-47EB-A42D-382FF4B80872}.Debug|Any CPU.Build.0 = Debug|Any CPU
		{6CDBD01C-6EAD-47EB-A42D-382FF4B80872}.Release|Any CPU.ActiveCfg = Release|Any CPU
		{6CDBD01C-6EAD-47EB-A42D-382FF4B80872}.Release|Any CPU.Build.0 = Release|Any CPU
	EndGlobalSection
	GlobalSection(SolutionProperties) = preSolution
		HideSolutionNode = FALSE
	EndGlobalSection
	GlobalSection(ExtensibilityGlobals) = postSolution
		SolutionGuid = {D2CDD67B-7C3E-4D94-8274-4E353D30FF49}
	EndGlobalSection
EndGlobal
